
Microsoft Visual Studio Solution File, Format Version 12.00
# Visual Studio Version 16
VisualStudioVersion = 16.0.31727.386
MinimumVisualStudioVersion = 10.0.40219.1
Project("{8BC9CEB8-8B4A-11D0-8D11-00A0C91BC942}") = "ArrayExample", "ArrayExample\ArrayExample.vcxproj", "{D822D7FF-0939-4445-845D-49F5F5DC4468}"
EndProject
Project("{8BC9CEB8-8B4A-11D0-8D11-00A0C91BC942}") = "List", "List\List.vcxproj", "{B0E3A1D1-EF82-44C2-AE27-1E28525E08E0}"
EndProject
Project("{8BC9CEB8-8B4A-11D0-8D11-00A0C91BC942}") = "Qsort", "Qsort\Qsort.vcxproj", "{4933B4BA-228C-4BAB-A980-835E8339DB18}"
EndProject
Global
	GlobalSection(SolutionConfigurationPlatforms) = preSolution
		Debug|x64 = Debug|x64
		Debug|x86 = Debug|x86
		Release|x64 = Release|x64
		Release|x86 = Release|x86
	EndGlobalSection
	GlobalSection(ProjectConfigurationPlatforms) = postSolution
		{D822D7FF-0939-4445-845D-49F5F5DC4468}.Debug|x64.ActiveCfg = Debug|x64
		{D822D7FF-0939-4445-845D-49F5F5DC4468}.Debug|x64.Build.0 = Debug|x64
		{D822D7FF-0939-4445-845D-49F5F5DC4468}.Debug|x86.ActiveCfg = Debug|Win32
		{D822D7FF-0939-4445-845D-49F5F5DC4468}.Debug|x86.Build.0 = Debug|Win32
		{D822D7FF-0939-4445-845D-49F5F5DC4468}.Release|x64.ActiveCfg = Release|x64
		{D822D7FF-0939-4445-845D-49F5F5DC4468}.Release|x64.Build.0 = Release|x64
		{D822D7FF-0939-4445-845D-49F5F5DC4468}.Release|x86.ActiveCfg = Release|Win32
		{D822D7FF-0939-4445-845D-49F5F5DC4468}.Release|x86.Build.0 = Release|Win32
		{B0E3A1D1-EF82-44C2-AE27-1E28525E08E0}.Debug|x64.ActiveCfg = Debug|x64
		{B0E3A1D1-EF82-44C2-AE27-1E28525E08E0}.Debug|x64.Build.0 = Debug|x64
		{B0E3A1D1-EF82-44C2-AE27-1E28525E08E0}.Debug|x86.ActiveCfg = Debug|Win32
		{B0E3A1D1-EF82-44C2-AE27-1E28525E08E0}.Debug|x86.Build.0 = Debug|Win32
		{B0E3A1D1-EF82-44C2-AE27-1E28525E08E0}.Release|x64.ActiveCfg = Release|x64
		{B0E3A1D1-EF82-44C2-AE27-1E28525E08E0}.Release|x64.Build.0 = Release|x64
		{B0E3A1D1-EF82-44C2-AE27-1E28525E08E0}.Release|x86.ActiveCfg = Release|Win32
		{B0E3A1D1-EF82-44C2-AE27-1E28525E08E0}.Release|x86.Build.0 = Release|Win32
		{4933B4BA-228C-4BAB-A980-835E8339DB18}.Debug|x64.ActiveCfg = Debug|x64
		{4933B4BA-228C-4BAB-A980-835E8339DB18}.Debug|x64.Build.0 = Debug|x64
		{4933B4BA-228C-4BAB-A980-835E8339DB18}.Debug|x86.ActiveCfg = Debug|Win32
		{4933B4BA-228C-4BAB-A980-835E8339DB18}.Debug|x86.Build.0 = Debug|Win32
		{4933B4BA-228C-4BAB-A980-835E8339DB18}.Release|x64.ActiveCfg = Release|x64
		{4933B4BA-228C-4BAB-A980-835E8339DB18}.Release|x64.Build.0 = Release|x64
		{4933B4BA-228C-4BAB-A980-835E8339DB18}.Release|x86.ActiveCfg = Release|Win32
		{4933B4BA-228C-4BAB-A980-835E8339DB18}.Release|x86.Build.0 = Release|Win32
	EndGlobalSection
	GlobalSection(SolutionProperties) = preSolution
		HideSolutionNode = FALSE
	EndGlobalSection
	GlobalSection(ExtensibilityGlobals) = postSolution
		SolutionGuid = {19272EF9-07D0-49B8-9946-45963B723A9C}
	EndGlobalSection
EndGlobal
