
Microsoft Visual Studio Solution File, Format Version 12.00
# Visual Studio Version 16
VisualStudioVersion = 16.0.31727.386
MinimumVisualStudioVersion = 10.0.40219.1
Project("{8BC9CEB8-8B4A-11D0-8D11-00A0C91BC942}") = "ALL_BUILD", "ALL_BUILD.vcxproj", "{B4BD09EB-77DB-38BB-900F-BD8F37E489B3}"
	ProjectSection(ProjectDependencies) = postProject
		{A2DC0A19-F9BD-3EBD-8E90-27BD04CBD2C6} = {A2DC0A19-F9BD-3EBD-8E90-27BD04CBD2C6}
		{4DF84288-C7DD-3C8C-9D3D-72D9CAE79223} = {4DF84288-C7DD-3C8C-9D3D-72D9CAE79223}
	EndProjectSection
EndProject
Project("{8BC9CEB8-8B4A-11D0-8D11-00A0C91BC942}") = "ZERO_CHECK", "ZERO_CHECK.vcxproj", "{A2DC0A19-F9BD-3EBD-8E90-27BD04CBD2C6}"
EndProject
Project("{8BC9CEB8-8B4A-11D0-8D11-00A0C91BC942}") = "mazeGenerator", "mazeGenerator.vcxproj", "{4DF84288-C7DD-3C8C-9D3D-72D9CAE79223}"
	ProjectSection(ProjectDependencies) = postProject
		{A2DC0A19-F9BD-3EBD-8E90-27BD04CBD2C6} = {A2DC0A19-F9BD-3EBD-8E90-27BD04CBD2C6}
	EndProjectSection
EndProject
Global
	GlobalSection(SolutionConfigurationPlatforms) = preSolution
		Debug|x64 = Debug|x64
		MinSizeRel|x64 = MinSizeRel|x64
		Release|x64 = Release|x64
		RelWithDebInfo|x64 = RelWithDebInfo|x64
	EndGlobalSection
	GlobalSection(ProjectConfigurationPlatforms) = postSolution
		{B4BD09EB-77DB-38BB-900F-BD8F37E489B3}.Debug|x64.ActiveCfg = Debug|x64
		{B4BD09EB-77DB-38BB-900F-BD8F37E489B3}.MinSizeRel|x64.ActiveCfg = MinSizeRel|x64
		{B4BD09EB-77DB-38BB-900F-BD8F37E489B3}.Release|x64.ActiveCfg = Release|x64
		{B4BD09EB-77DB-38BB-900F-BD8F37E489B3}.RelWithDebInfo|x64.ActiveCfg = RelWithDebInfo|x64
		{A2DC0A19-F9BD-3EBD-8E90-27BD04CBD2C6}.Debug|x64.ActiveCfg = Debug|x64
		{A2DC0A19-F9BD-3EBD-8E90-27BD04CBD2C6}.Debug|x64.Build.0 = Debug|x64
		{A2DC0A19-F9BD-3EBD-8E90-27BD04CBD2C6}.MinSizeRel|x64.ActiveCfg = MinSizeRel|x64
		{A2DC0A19-F9BD-3EBD-8E90-27BD04CBD2C6}.MinSizeRel|x64.Build.0 = MinSizeRel|x64
		{A2DC0A19-F9BD-3EBD-8E90-27BD04CBD2C6}.Release|x64.ActiveCfg = Release|x64
		{A2DC0A19-F9BD-3EBD-8E90-27BD04CBD2C6}.RelWithDebInfo|x64.ActiveCfg = RelWithDebInfo|x64
		{A2DC0A19-F9BD-3EBD-8E90-27BD04CBD2C6}.RelWithDebInfo|x64.Build.0 = RelWithDebInfo|x64
		{4DF84288-C7DD-3C8C-9D3D-72D9CAE79223}.Debug|x64.ActiveCfg = Debug|x64
		{4DF84288-C7DD-3C8C-9D3D-72D9CAE79223}.Debug|x64.Build.0 = Debug|x64
		{4DF84288-C7DD-3C8C-9D3D-72D9CAE79223}.MinSizeRel|x64.ActiveCfg = MinSizeRel|x64
		{4DF84288-C7DD-3C8C-9D3D-72D9CAE79223}.MinSizeRel|x64.Build.0 = MinSizeRel|x64
		{4DF84288-C7DD-3C8C-9D3D-72D9CAE79223}.Release|x64.ActiveCfg = Release|x64
		{4DF84288-C7DD-3C8C-9D3D-72D9CAE79223}.Release|x64.Build.0 = Release|x64
		{4DF84288-C7DD-3C8C-9D3D-72D9CAE79223}.RelWithDebInfo|x64.ActiveCfg = RelWithDebInfo|x64
		{4DF84288-C7DD-3C8C-9D3D-72D9CAE79223}.RelWithDebInfo|x64.Build.0 = RelWithDebInfo|x64
	EndGlobalSection
	GlobalSection(SolutionProperties) = preSolution
		HideSolutionNode = FALSE
	EndGlobalSection
	GlobalSection(ExtensibilityGlobals) = postSolution
		SolutionGuid = {2499D6BE-2FC3-3189-AE76-66F28E8163DF}
	EndGlobalSection
EndGlobal
